{
  "name": "randomorg",
  "version": "1.0.0",
  "lockfileVersion": 2,
  "requires": true,
  "packages": {
    "": {
      "name": "randomorg",
      "version": "1.0.0",
      "license": "ISC",
      "dependencies": {
        "random-org": "^2.2.0"
      }
    },
    "node_modules/random-org": {
      "version": "2.2.0",
      "resolved": "https://registry.npmjs.org/random-org/-/random-org-2.2.0.tgz",
      "integrity": "sha512-I2pRupwSsShM2wFIb7HAJ/X6q+uDAks5vHrdggyDLrmT9/ADuML+RDgmoUTLdELNR/pb+28VVaS1qSMe8/hf5w=="
    }
  },
  "dependencies": {
    "random-org": {
      "version": "2.2.0",
      "resolved": "https://registry.npmjs.org/random-org/-/random-org-2.2.0.tgz",
      "integrity": "sha512-I2pRupwSsShM2wFIb7HAJ/X6q+uDAks5vHrdggyDLrmT9/ADuML+RDgmoUTLdELNR/pb+28VVaS1qSMe8/hf5w=="
    }
  }
}
